
Microsoft Visual Studio Solution File, Format Version 12.00
# Visual Studio Version 16
VisualStudioVersion = 16.0.31129.286
MinimumVisualStudioVersion = 10.0.40219.1
Project("{FAE04EC0-301F-11D3-BF4B-00C04F79EFBC}") = "prueba", "prueba\prueba.csproj", "{52CBF356-B3D7-4F24-866D-F9F4AC95C9ED}"
EndProject
Global
	GlobalSection(SolutionConfigurationPlatforms) = preSolution
		Debug|Any CPU = Debug|Any CPU
		Release|Any CPU = Release|Any CPU
	EndGlobalSection
	GlobalSection(ProjectConfigurationPlatforms) = postSolution
		{52CBF356-B3D7-4F24-866D-F9F4AC95C9ED}.Debug|Any CPU.ActiveCfg = Debug|Any CPU
		{52CBF356-B3D7-4F24-866D-F9F4AC95C9ED}.Debug|Any CPU.Build.0 = Debug|Any CPU
		{52CBF356-B3D7-4F24-866D-F9F4AC95C9ED}.Release|Any CPU.ActiveCfg = Release|Any CPU
		{52CBF356-B3D7-4F24-866D-F9F4AC95C9ED}.Release|Any CPU.Build.0 = Release|Any CPU
	EndGlobalSection
	GlobalSection(SolutionProperties) = preSolution
		HideSolutionNode = FALSE
	EndGlobalSection
	GlobalSection(ExtensibilityGlobals) = postSolution
		SolutionGuid = {C4F35317-CADA-486A-8D60-773B6C598B80}
	EndGlobalSection
EndGlobal
